// !$*UTF8*$!
{
	archiveVersion = 1;
	classes = {
	};
	objectVersion = 50;
	objects = {

/* Begin PBXBuildFile section */
		C402665326F070DF00DF53F5 /* HomeView.swift in Sources */ = {isa = PBXBuildFile; fileRef = C402665226F070DF00DF53F5 /* HomeView.swift */; };
		C402665626F07DF200DF53F5 /* Menu.swift in Sources */ = {isa = PBXBuildFile; fileRef = C402665526F07DF200DF53F5 /* Menu.swift */; };
		C402665926F07E7900DF53F5 /* MenuClass.swift in Sources */ = {isa = PBXBuildFile; fileRef = C402665826F07E7900DF53F5 /* MenuClass.swift */; };
		C4100A6826F46CB800AFA005 /* PropertyProductView.swift in Sources */ = {isa = PBXBuildFile; fileRef = C4100A6726F46CB800AFA005 /* PropertyProductView.swift */; };
		C4100A6A26F46D5600AFA005 /* CounterView.swift in Sources */ = {isa = PBXBuildFile; fileRef = C4100A6926F46D5600AFA005 /* CounterView.swift */; };
		C4F0CE0926EF4EE900806A9B /* AppDelegate.swift in Sources */ = {isa = PBXBuildFile; fileRef = C4F0CE0826EF4EE900806A9B /* AppDelegate.swift */; };
		C4F0CE0B26EF4EE900806A9B /* SceneDelegate.swift in Sources */ = {isa = PBXBuildFile; fileRef = C4F0CE0A26EF4EE900806A9B /* SceneDelegate.swift */; };
		C4F0CE0D26EF4EE900806A9B /* ContentView.swift in Sources */ = {isa = PBXBuildFile; fileRef = C4F0CE0C26EF4EE900806A9B /* ContentView.swift */; };
		C4F0CE0F26EF4EEA00806A9B /* Assets.xcassets in Resources */ = {isa = PBXBuildFile; fileRef = C4F0CE0E26EF4EEA00806A9B /* Assets.xcassets */; };
		C4F0CE1226EF4EEA00806A9B /* Preview Assets.xcassets in Resources */ = {isa = PBXBuildFile; fileRef = C4F0CE1126EF4EEA00806A9B /* Preview Assets.xcassets */; };
		C4F0CE1526EF4EEA00806A9B /* LaunchScreen.storyboard in Resources */ = {isa = PBXBuildFile; fileRef = C4F0CE1326EF4EEA00806A9B /* LaunchScreen.storyboard */; };
		C4F0CE2026EF4EEA00806A9B /* SushiAppTests.swift in Sources */ = {isa = PBXBuildFile; fileRef = C4F0CE1F26EF4EEA00806A9B /* SushiAppTests.swift */; };
		C4F0CE2B26EF4EEA00806A9B /* SushiAppUITests.swift in Sources */ = {isa = PBXBuildFile; fileRef = C4F0CE2A26EF4EEA00806A9B /* SushiAppUITests.swift */; };
		C4FB820C26F3196500FB7DFB /* Product.swift in Sources */ = {isa = PBXBuildFile; fileRef = C4FB820B26F3196500FB7DFB /* Product.swift */; };
		C4FB820E26F319C600FB7DFB /* ProductView.swift in Sources */ = {isa = PBXBuildFile; fileRef = C4FB820D26F319C600FB7DFB /* ProductView.swift */; };
		C4FB821026F320DE00FB7DFB /* ProductDetail.swift in Sources */ = {isa = PBXBuildFile; fileRef = C4FB820F26F320DE00FB7DFB /* ProductDetail.swift */; };
/* End PBXBuildFile section */

/* Begin PBXContainerItemProxy section */
		C4F0CE1C26EF4EEA00806A9B /* PBXContainerItemProxy */ = {
			isa = PBXContainerItemProxy;
			containerPortal = C4F0CDFD26EF4EE900806A9B /* Project object */;
			proxyType = 1;
			remoteGlobalIDString = C4F0CE0426EF4EE900806A9B;
			remoteInfo = SushiApp;
		};
		C4F0CE2726EF4EEA00806A9B /* PBXContainerItemProxy */ = {
			isa = PBXContainerItemProxy;
			containerPortal = C4F0CDFD26EF4EE900806A9B /* Project object */;
			proxyType = 1;
			remoteGlobalIDString = C4F0CE0426EF4EE900806A9B;
			remoteInfo = SushiApp;
		};
/* End PBXContainerItemProxy section */

/* Begin PBXFileReference section */
		C402665226F070DF00DF53F5 /* HomeView.swift */ = {isa = PBXFileReference; lastKnownFileType = sourcecode.swift; path = HomeView.swift; sourceTree = "<group>"; };
		C402665526F07DF200DF53F5 /* Menu.swift */ = {isa = PBXFileReference; lastKnownFileType = sourcecode.swift; path = Menu.swift; sourceTree = "<group>"; };
		C402665826F07E7900DF53F5 /* MenuClass.swift */ = {isa = PBXFileReference; lastKnownFileType = sourcecode.swift; path = MenuClass.swift; sourceTree = "<group>"; };
		C4100A6726F46CB800AFA005 /* PropertyProductView.swift */ = {isa = PBXFileReference; lastKnownFileType = sourcecode.swift; path = PropertyProductView.swift; sourceTree = "<group>"; };
		C4100A6926F46D5600AFA005 /* CounterView.swift */ = {isa = PBXFileReference; lastKnownFileType = sourcecode.swift; path = CounterView.swift; sourceTree = "<group>"; };
		C4F0CE0526EF4EE900806A9B /* SushiApp.app */ = {isa = PBXFileReference; explicitFileType = wrapper.application; includeInIndex = 0; path = SushiApp.app; sourceTree = BUILT_PRODUCTS_DIR; };
		C4F0CE0826EF4EE900806A9B /* AppDelegate.swift */ = {isa = PBXFileReference; lastKnownFileType = sourcecode.swift; path = AppDelegate.swift; sourceTree = "<group>"; };
		C4F0CE0A26EF4EE900806A9B /* SceneDelegate.swift */ = {isa = PBXFileReference; lastKnownFileType = sourcecode.swift; path = SceneDelegate.swift; sourceTree = "<group>"; };
		C4F0CE0C26EF4EE900806A9B /* ContentView.swift */ = {isa = PBXFileReference; lastKnownFileType = sourcecode.swift; path = ContentView.swift; sourceTree = "<group>"; };
		C4F0CE0E26EF4EEA00806A9B /* Assets.xcassets */ = {isa = PBXFileReference; lastKnownFileType = folder.assetcatalog; path = Assets.xcassets; sourceTree = "<group>"; };
		C4F0CE1126EF4EEA00806A9B /* Preview Assets.xcassets */ = {isa = PBXFileReference; lastKnownFileType = folder.assetcatalog; path = "Preview Assets.xcassets"; sourceTree = "<group>"; };
		C4F0CE1426EF4EEA00806A9B /* Base */ = {isa = PBXFileReference; lastKnownFileType = file.storyboard; name = Base; path = Base.lproj/LaunchScreen.storyboard; sourceTree = "<group>"; };
		C4F0CE1626EF4EEA00806A9B /* Info.plist */ = {isa = PBXFileReference; lastKnownFileType = text.plist.xml; path = Info.plist; sourceTree = "<group>"; };
		C4F0CE1B26EF4EEA00806A9B /* SushiAppTests.xctest */ = {isa = PBXFileReference; explicitFileType = wrapper.cfbundle; includeInIndex = 0; path = SushiAppTests.xctest; sourceTree = BUILT_PRODUCTS_DIR; };
		C4F0CE1F26EF4EEA00806A9B /* SushiAppTests.swift */ = {isa = PBXFileReference; lastKnownFileType = sourcecode.swift; path = SushiAppTests.swift; sourceTree = "<group>"; };
		C4F0CE2126EF4EEA00806A9B /* Info.plist */ = {isa = PBXFileReference; lastKnownFileType = text.plist.xml; path = Info.plist; sourceTree = "<group>"; };
		C4F0CE2626EF4EEA00806A9B /* SushiAppUITests.xctest */ = {isa = PBXFileReference; explicitFileType = wrapper.cfbundle; includeInIndex = 0; path = SushiAppUITests.xctest; sourceTree = BUILT_PRODUCTS_DIR; };
		C4F0CE2A26EF4EEA00806A9B /* SushiAppUITests.swift */ = {isa = PBXFileReference; lastKnownFileType = sourcecode.swift; path = SushiAppUITests.swift; sourceTree = "<group>"; };
		C4F0CE2C26EF4EEA00806A9B /* Info.plist */ = {isa = PBXFileReference; lastKnownFileType = text.plist.xml; path = Info.plist; sourceTree = "<group>"; };
		C4FB820B26F3196500FB7DFB /* Product.swift */ = {isa = PBXFileReference; lastKnownFileType = sourcecode.swift; path = Product.swift; sourceTree = "<group>"; };
		C4FB820D26F319C600FB7DFB /* ProductView.swift */ = {isa = PBXFileReference; lastKnownFileType = sourcecode.swift; path = ProductView.swift; sourceTree = "<group>"; };
		C4FB820F26F320DE00FB7DFB /* ProductDetail.swift */ = {isa = PBXFileReference; lastKnownFileType = sourcecode.swift; path = ProductDetail.swift; sourceTree = "<group>"; };
/* End PBXFileReference section */

/* Begin PBXFrameworksBuildPhase section */
		C4F0CE0226EF4EE900806A9B /* Frameworks */ = {
			isa = PBXFrameworksBuildPhase;
			buildActionMask = 2147483647;
			files = (
			);
			runOnlyForDeploymentPostprocessing = 0;
		};
		C4F0CE1826EF4EEA00806A9B /* Frameworks */ = {
			isa = PBXFrameworksBuildPhase;
			buildActionMask = 2147483647;
			files = (
			);
			runOnlyForDeploymentPostprocessing = 0;
		};
		C4F0CE2326EF4EEA00806A9B /* Frameworks */ = {
			isa = PBXFrameworksBuildPhase;
			buildActionMask = 2147483647;
			files = (
			);
			runOnlyForDeploymentPostprocessing = 0;
		};
/* End PBXFrameworksBuildPhase section */

/* Begin PBXGroup section */
		C402665426F07DE800DF53F5 /* Model */ = {
			isa = PBXGroup;
			children = (
				C402665526F07DF200DF53F5 /* Menu.swift */,
				C4FB820B26F3196500FB7DFB /* Product.swift */,
			);
			path = Model;
			sourceTree = "<group>";
		};
		C402665726F07E6600DF53F5 /* View */ = {
			isa = PBXGroup;
			children = (
				C4F0CE0C26EF4EE900806A9B /* ContentView.swift */,
				C4FB820D26F319C600FB7DFB /* ProductView.swift */,
				C4FB820F26F320DE00FB7DFB /* ProductDetail.swift */,
				C4100A6926F46D5600AFA005 /* CounterView.swift */,
				C4100A6726F46CB800AFA005 /* PropertyProductView.swift */,
				C402665226F070DF00DF53F5 /* HomeView.swift */,
				C402665826F07E7900DF53F5 /* MenuClass.swift */,
			);
			path = View;
			sourceTree = "<group>";
		};
		C4F0CDFC26EF4EE900806A9B = {
			isa = PBXGroup;
			children = (
				C4F0CE0726EF4EE900806A9B /* SushiApp */,
				C4F0CE1E26EF4EEA00806A9B /* SushiAppTests */,
				C4F0CE2926EF4EEA00806A9B /* SushiAppUITests */,
				C4F0CE0626EF4EE900806A9B /* Products */,
			);
			sourceTree = "<group>";
		};
		C4F0CE0626EF4EE900806A9B /* Products */ = {
			isa = PBXGroup;
			children = (
				C4F0CE0526EF4EE900806A9B /* SushiApp.app */,
				C4F0CE1B26EF4EEA00806A9B /* SushiAppTests.xctest */,
				C4F0CE2626EF4EEA00806A9B /* SushiAppUITests.xctest */,
			);
			name = Products;
			sourceTree = "<group>";
		};
		C4F0CE0726EF4EE900806A9B /* SushiApp */ = {
			isa = PBXGroup;
			children = (
				C402665426F07DE800DF53F5 /* Model */,
				C402665726F07E6600DF53F5 /* View */,
				C4F0CE0826EF4EE900806A9B /* AppDelegate.swift */,
				C4F0CE0A26EF4EE900806A9B /* SceneDelegate.swift */,
				C4F0CE0E26EF4EEA00806A9B /* Assets.xcassets */,
				C4F0CE1326EF4EEA00806A9B /* LaunchScreen.storyboard */,
				C4F0CE1626EF4EEA00806A9B /* Info.plist */,
				C4F0CE1026EF4EEA00806A9B /* Preview Content */,
			);
			path = SushiApp;
			sourceTree = "<group>";
		};
		C4F0CE1026EF4EEA00806A9B /* Preview Content */ = {
			isa = PBXGroup;
			children = (
				C4F0CE1126EF4EEA00806A9B /* Preview Assets.xcassets */,
			);
			path = "Preview Content";
			sourceTree = "<group>";
		};
		C4F0CE1E26EF4EEA00806A9B /* SushiAppTests */ = {
			isa = PBXGroup;
			children = (
				C4F0CE1F26EF4EEA00806A9B /* SushiAppTests.swift */,
				C4F0CE2126EF4EEA00806A9B /* Info.plist */,
			);
			path = SushiAppTests;
			sourceTree = "<group>";
		};
		C4F0CE2926EF4EEA00806A9B /* SushiAppUITests */ = {
			isa = PBXGroup;
			children = (
				C4F0CE2A26EF4EEA00806A9B /* SushiAppUITests.swift */,
				C4F0CE2C26EF4EEA00806A9B /* Info.plist */,
			);
			path = SushiAppUITests;
			sourceTree = "<group>";
		};
/* End PBXGroup section */

/* Begin PBXNativeTarget section */
		C4F0CE0426EF4EE900806A9B /* SushiApp */ = {
			isa = PBXNativeTarget;
			buildConfigurationList = C4F0CE2F26EF4EEA00806A9B /* Build configuration list for PBXNativeTarget "SushiApp" */;
			buildPhases = (
				C4F0CE0126EF4EE900806A9B /* Sources */,
				C4F0CE0226EF4EE900806A9B /* Frameworks */,
				C4F0CE0326EF4EE900806A9B /* Resources */,
			);
			buildRules = (
			);
			dependencies = (
			);
			name = SushiApp;
			productName = SushiApp;
			productReference = C4F0CE0526EF4EE900806A9B /* SushiApp.app */;
			productType = "com.apple.product-type.application";
		};
		C4F0CE1A26EF4EEA00806A9B /* SushiAppTests */ = {
			isa = PBXNativeTarget;
			buildConfigurationList = C4F0CE3226EF4EEA00806A9B /* Build configuration list for PBXNativeTarget "SushiAppTests" */;
			buildPhases = (
				C4F0CE1726EF4EEA00806A9B /* Sources */,
				C4F0CE1826EF4EEA00806A9B /* Frameworks */,
				C4F0CE1926EF4EEA00806A9B /* Resources */,
			);
			buildRules = (
			);
			dependencies = (
				C4F0CE1D26EF4EEA00806A9B /* PBXTargetDependency */,
			);
			name = SushiAppTests;
			productName = SushiAppTests;
			productReference = C4F0CE1B26EF4EEA00806A9B /* SushiAppTests.xctest */;
			productType = "com.apple.product-type.bundle.unit-test";
		};
		C4F0CE2526EF4EEA00806A9B /* SushiAppUITests */ = {
			isa = PBXNativeTarget;
			buildConfigurationList = C4F0CE3526EF4EEA00806A9B /* Build configuration list for PBXNativeTarget "SushiAppUITests" */;
			buildPhases = (
				C4F0CE2226EF4EEA00806A9B /* Sources */,
				C4F0CE2326EF4EEA00806A9B /* Frameworks */,
				C4F0CE2426EF4EEA00806A9B /* Resources */,
			);
			buildRules = (
			);
			dependencies = (
				C4F0CE2826EF4EEA00806A9B /* PBXTargetDependency */,
			);
			name = SushiAppUITests;
			productName = SushiAppUITests;
			productReference = C4F0CE2626EF4EEA00806A9B /* SushiAppUITests.xctest */;
			productType = "com.apple.product-type.bundle.ui-testing";
		};
/* End PBXNativeTarget section */

/* Begin PBXProject section */
		C4F0CDFD26EF4EE900806A9B /* Project object */ = {
			isa = PBXProject;
			attributes = {
				LastSwiftUpdateCheck = 1250;
				LastUpgradeCheck = 1250;
				TargetAttributes = {
					C4F0CE0426EF4EE900806A9B = {
						CreatedOnToolsVersion = 12.5.1;
					};
					C4F0CE1A26EF4EEA00806A9B = {
						CreatedOnToolsVersion = 12.5.1;
						TestTargetID = C4F0CE0426EF4EE900806A9B;
					};
					C4F0CE2526EF4EEA00806A9B = {
						CreatedOnToolsVersion = 12.5.1;
						TestTargetID = C4F0CE0426EF4EE900806A9B;
					};
				};
			};
			buildConfigurationList = C4F0CE0026EF4EE900806A9B /* Build configuration list for PBXProject "SushiApp" */;
			compatibilityVersion = "Xcode 9.3";
			developmentRegion = en;
			hasScannedForEncodings = 0;
			knownRegions = (
				en,
				Base,
			);
			mainGroup = C4F0CDFC26EF4EE900806A9B;
			productRefGroup = C4F0CE0626EF4EE900806A9B /* Products */;
			projectDirPath = "";
			projectRoot = "";
			targets = (
				C4F0CE0426EF4EE900806A9B /* SushiApp */,
				C4F0CE1A26EF4EEA00806A9B /* SushiAppTests */,
				C4F0CE2526EF4EEA00806A9B /* SushiAppUITests */,
			);
		};
/* End PBXProject section */

/* Begin PBXResourcesBuildPhase section */
		C4F0CE0326EF4EE900806A9B /* Resources */ = {
			isa = PBXResourcesBuildPhase;
			buildActionMask = 2147483647;
			files = (
				C4F0CE1526EF4EEA00806A9B /* LaunchScreen.storyboard in Resources */,
				C4F0CE1226EF4EEA00806A9B /* Preview Assets.xcassets in Resources */,
				C4F0CE0F26EF4EEA00806A9B /* Assets.xcassets in Resources */,
			);
			runOnlyForDeploymentPostprocessing = 0;
		};
		C4F0CE1926EF4EEA00806A9B /* Resources */ = {
			isa = PBXResourcesBuildPhase;
			buildActionMask = 2147483647;
			files = (
			);
			runOnlyForDeploymentPostprocessing = 0;
		};
		C4F0CE2426EF4EEA00806A9B /* Resources */ = {
			isa = PBXResourcesBuildPhase;
			buildActionMask = 2147483647;
			files = (
			);
			runOnlyForDeploymentPostprocessing = 0;
		};
/* End PBXResourcesBuildPhase section */

/* Begin PBXSourcesBuildPhase section */
		C4F0CE0126EF4EE900806A9B /* Sources */ = {
			isa = PBXSourcesBuildPhase;
			buildActionMask = 2147483647;
			files = (
				C4FB820E26F319C600FB7DFB /* ProductView.swift in Sources */,
				C4F0CE0926EF4EE900806A9B /* AppDelegate.swift in Sources */,
				C4FB821026F320DE00FB7DFB /* ProductDetail.swift in Sources */,
				C402665326F070DF00DF53F5 /* HomeView.swift in Sources */,
				C4F0CE0B26EF4EE900806A9B /* SceneDelegate.swift in Sources */,
				C402665926F07E7900DF53F5 /* MenuClass.swift in Sources */,
				C4100A6A26F46D5600AFA005 /* CounterView.swift in Sources */,
				C4F0CE0D26EF4EE900806A9B /* ContentView.swift in Sources */,
				C402665626F07DF200DF53F5 /* Menu.swift in Sources */,
				C4FB820C26F3196500FB7DFB /* Product.swift in Sources */,
				C4100A6826F46CB800AFA005 /* PropertyProductView.swift in Sources */,
			);
			runOnlyForDeploymentPostprocessing = 0;
		};
		C4F0CE1726EF4EEA00806A9B /* Sources */ = {
			isa = PBXSourcesBuildPhase;
			buildActionMask = 2147483647;
			files = (
				C4F0CE2026EF4EEA00806A9B /* SushiAppTests.swift in Sources */,
			);
			runOnlyForDeploymentPostprocessing = 0;
		};
		C4F0CE2226EF4EEA00806A9B /* Sources */ = {
			isa = PBXSourcesBuildPhase;
			buildActionMask = 2147483647;
			files = (
				C4F0CE2B26EF4EEA00806A9B /* SushiAppUITests.swift in Sources */,
			);
			runOnlyForDeploymentPostprocessing = 0;
		};
/* End PBXSourcesBuildPhase section */

/* Begin PBXTargetDependency section */
		C4F0CE1D26EF4EEA00806A9B /* PBXTargetDependency */ = {
			isa = PBXTargetDependency;
			target = C4F0CE0426EF4EE900806A9B /* SushiApp */;
			targetProxy = C4F0CE1C26EF4EEA00806A9B /* PBXContainerItemProxy */;
		};
		C4F0CE2826EF4EEA00806A9B /* PBXTargetDependency */ = {
			isa = PBXTargetDependency;
			target = C4F0CE0426EF4EE900806A9B /* SushiApp */;
			targetProxy = C4F0CE2726EF4EEA00806A9B /* PBXContainerItemProxy */;
		};
/* End PBXTargetDependency section */

/* Begin PBXVariantGroup section */
		C4F0CE1326EF4EEA00806A9B /* LaunchScreen.storyboard */ = {
			isa = PBXVariantGroup;
			children = (
				C4F0CE1426EF4EEA00806A9B /* Base */,
			);
			name = LaunchScreen.storyboard;
			sourceTree = "<group>";
		};
/* End PBXVariantGroup section */

/* Begin XCBuildConfiguration section */
		C4F0CE2D26EF4EEA00806A9B /* Debug */ = {
			isa = XCBuildConfiguration;
			buildSettings = {
				ALWAYS_SEARCH_USER_PATHS = NO;
				CLANG_ANALYZER_NONNULL = YES;
				CLANG_ANALYZER_NUMBER_OBJECT_CONVERSION = YES_AGGRESSIVE;
				CLANG_CXX_LANGUAGE_STANDARD = "gnu++14";
				CLANG_CXX_LIBRARY = "libc++";
				CLANG_ENABLE_MODULES = YES;
				CLANG_ENABLE_OBJC_ARC = YES;
				CLANG_ENABLE_OBJC_WEAK = YES;
				CLANG_WARN_BLOCK_CAPTURE_AUTORELEASING = YES;
				CLANG_WARN_BOOL_CONVERSION = YES;
				CLANG_WARN_COMMA = YES;
				CLANG_WARN_CONSTANT_CONVERSION = YES;
				CLANG_WARN_DEPRECATED_OBJC_IMPLEMENTATIONS = YES;
				CLANG_WARN_DIRECT_OBJC_ISA_USAGE = YES_ERROR;
				CLANG_WARN_DOCUMENTATION_COMMENTS = YES;
				CLANG_WARN_EMPTY_BODY = YES;
				CLANG_WARN_ENUM_CONVERSION = YES;
				CLANG_WARN_INFINITE_RECURSION = YES;
				CLANG_WARN_INT_CONVERSION = YES;
				CLANG_WARN_NON_LITERAL_NULL_CONVERSION = YES;
				CLANG_WARN_OBJC_IMPLICIT_RETAIN_SELF = YES;
				CLANG_WARN_OBJC_LITERAL_CONVERSION = YES;
				CLANG_WARN_OBJC_ROOT_CLASS = YES_ERROR;
				CLANG_WARN_QUOTED_INCLUDE_IN_FRAMEWORK_HEADER = YES;
				CLANG_WARN_RANGE_LOOP_ANALYSIS = YES;
				CLANG_WARN_STRICT_PROTOTYPES = YES;
				CLANG_WARN_SUSPICIOUS_MOVE = YES;
				CLANG_WARN_UNGUARDED_AVAILABILITY = YES_AGGRESSIVE;
				CLANG_WARN_UNREACHABLE_CODE = YES;
				CLANG_WARN__DUPLICATE_METHOD_MATCH = YES;
				COPY_PHASE_STRIP = NO;
				DEBUG_INFORMATION_FORMAT = dwarf;
				ENABLE_STRICT_OBJC_MSGSEND = YES;
				ENABLE_TESTABILITY = YES;
				GCC_C_LANGUAGE_STANDARD = gnu11;
				GCC_DYNAMIC_NO_PIC = NO;
				GCC_NO_COMMON_BLOCKS = YES;
				GCC_OPTIMIZATION_LEVEL = 0;
				GCC_PREPROCESSOR_DEFINITIONS = (
					"DEBUG=1",
					"$(inherited)",
				);
				GCC_WARN_64_TO_32_BIT_CONVERSION = YES;
				GCC_WARN_ABOUT_RETURN_TYPE = YES_ERROR;
				GCC_WARN_UNDECLARED_SELECTOR = YES;
				GCC_WARN_UNINITIALIZED_AUTOS = YES_AGGRESSIVE;
				GCC_WARN_UNUSED_FUNCTION = YES;
				GCC_WARN_UNUSED_VARIABLE = YES;
				IPHONEOS_DEPLOYMENT_TARGET = 14.5;
				MTL_ENABLE_DEBUG_INFO = INCLUDE_SOURCE;
				MTL_FAST_MATH = YES;
				ONLY_ACTIVE_ARCH = YES;
				SDKROOT = iphoneos;
				SWIFT_ACTIVE_COMPILATION_CONDITIONS = DEBUG;
				SWIFT_OPTIMIZATION_LEVEL = "-Onone";
			};
			name = Debug;
		};
		C4F0CE2E26EF4EEA00806A9B /* Release */ = {
			isa = XCBuildConfiguration;
			buildSettings = {
				ALWAYS_SEARCH_USER_PATHS = NO;
				CLANG_ANALYZER_NONNULL = YES;
				CLANG_ANALYZER_NUMBER_OBJECT_CONVERSION = YES_AGGRESSIVE;
				CLANG_CXX_LANGUAGE_STANDARD = "gnu++14";
				CLANG_CXX_LIBRARY = "libc++";
				CLANG_ENABLE_MODULES = YES;
				CLANG_ENABLE_OBJC_ARC = YES;
				CLANG_ENABLE_OBJC_WEAK = YES;
				CLANG_WARN_BLOCK_CAPTURE_AUTORELEASING = YES;
				CLANG_WARN_BOOL_CONVERSION = YES;
				CLANG_WARN_COMMA = YES;
				CLANG_WARN_CONSTANT_CONVERSION = YES;
				CLANG_WARN_DEPRECATED_OBJC_IMPLEMENTATIONS = YES;
				CLANG_WARN_DIRECT_OBJC_ISA_USAGE = YES_ERROR;
				CLANG_WARN_DOCUMENTATION_COMMENTS = YES;
				CLANG_WARN_EMPTY_BODY = YES;
				CLANG_WARN_ENUM_CONVERSION = YES;
				CLANG_WARN_INFINITE_RECURSION = YES;
				CLANG_WARN_INT_CONVERSION = YES;
				CLANG_WARN_NON_LITERAL_NULL_CONVERSION = YES;
				CLANG_WARN_OBJC_IMPLICIT_RETAIN_SELF = YES;
				CLANG_WARN_OBJC_LITERAL_CONVERSION = YES;
				CLANG_WARN_OBJC_ROOT_CLASS = YES_ERROR;
				CLANG_WARN_QUOTED_INCLUDE_IN_FRAMEWORK_HEADER = YES;
				CLANG_WARN_RANGE_LOOP_ANALYSIS = YES;
				CLANG_WARN_STRICT_PROTOTYPES = YES;
				CLANG_WARN_SUSPICIOUS_MOVE = YES;
				CLANG_WARN_UNGUARDED_AVAILABILITY = YES_AGGRESSIVE;
				CLANG_WARN_UNREACHABLE_CODE = YES;
				CLANG_WARN__DUPLICATE_METHOD_MATCH = YES;
				COPY_PHASE_STRIP = NO;
				DEBUG_INFORMATION_FORMAT = "dwarf-with-dsym";
				ENABLE_NS_ASSERTIONS = NO;
				ENABLE_STRICT_OBJC_MSGSEND = YES;
				GCC_C_LANGUAGE_STANDARD = gnu11;
				GCC_NO_COMMON_BLOCKS = YES;
				GCC_WARN_64_TO_32_BIT_CONVERSION = YES;
				GCC_WARN_ABOUT_RETURN_TYPE = YES_ERROR;
				GCC_WARN_UNDECLARED_SELECTOR = YES;
				GCC_WARN_UNINITIALIZED_AUTOS = YES_AGGRESSIVE;
				GCC_WARN_UNUSED_FUNCTION = YES;
				GCC_WARN_UNUSED_VARIABLE = YES;
				IPHONEOS_DEPLOYMENT_TARGET = 14.5;
				MTL_ENABLE_DEBUG_INFO = NO;
				MTL_FAST_MATH = YES;
				SDKROOT = iphoneos;
				SWIFT_COMPILATION_MODE = wholemodule;
				SWIFT_OPTIMIZATION_LEVEL = "-O";
				VALIDATE_PRODUCT = YES;
			};
			name = Release;
		};
		C4F0CE3026EF4EEA00806A9B /* Debug */ = {
			isa = XCBuildConfiguration;
			buildSettings = {
				ASSETCATALOG_COMPILER_APPICON_NAME = AppIcon;
				ASSETCATALOG_COMPILER_GLOBAL_ACCENT_COLOR_NAME = AccentColor;
				CODE_SIGN_STYLE = Automatic;
				DEVELOPMENT_ASSET_PATHS = "\"SushiApp/Preview Content\"";
				ENABLE_PREVIEWS = YES;
				INFOPLIST_FILE = SushiApp/Info.plist;
				LD_RUNPATH_SEARCH_PATHS = (
					"$(inherited)",
					"@executable_path/Frameworks",
				);
				PRODUCT_BUNDLE_IDENTIFIER = com.farhad.SushiApp;
				PRODUCT_NAME = "$(TARGET_NAME)";
				SWIFT_VERSION = 5.0;
				TARGETED_DEVICE_FAMILY = "1,2";
			};
			name = Debug;
		};
		C4F0CE3126EF4EEA00806A9B /* Release */ = {
			isa = XCBuildConfiguration;
			buildSettings = {
				ASSETCATALOG_COMPILER_APPICON_NAME = AppIcon;
				ASSETCATALOG_COMPILER_GLOBAL_ACCENT_COLOR_NAME = AccentColor;
				CODE_SIGN_STYLE = Automatic;
				DEVELOPMENT_ASSET_PATHS = "\"SushiApp/Preview Content\"";
				ENABLE_PREVIEWS = YES;
				INFOPLIST_FILE = SushiApp/Info.plist;
				LD_RUNPATH_SEARCH_PATHS = (
					"$(inherited)",
					"@executable_path/Frameworks",
				);
				PRODUCT_BUNDLE_IDENTIFIER = com.farhad.SushiApp;
				PRODUCT_NAME = "$(TARGET_NAME)";
				SWIFT_VERSION = 5.0;
				TARGETED_DEVICE_FAMILY = "1,2";
			};
			name = Release;
		};
		C4F0CE3326EF4EEA00806A9B /* Debug */ = {
			isa = XCBuildConfiguration;
			buildSettings = {
				ALWAYS_EMBED_SWIFT_STANDARD_LIBRARIES = YES;
				BUNDLE_LOADER = "$(TEST_HOST)";
				CODE_SIGN_STYLE = Automatic;
				INFOPLIST_FILE = SushiAppTests/Info.plist;
				IPHONEOS_DEPLOYMENT_TARGET = 14.5;
				LD_RUNPATH_SEARCH_PATHS = (
					"$(inherited)",
					"@executable_path/Frameworks",
					"@loader_path/Frameworks",
				);
				PRODUCT_BUNDLE_IDENTIFIER = com.farhad.SushiAppTests;
				PRODUCT_NAME = "$(TARGET_NAME)";
				SWIFT_VERSION = 5.0;
				TARGETED_DEVICE_FAMILY = "1,2";
				TEST_HOST = "$(BUILT_PRODUCTS_DIR)/SushiApp.app/SushiApp";
			};
			name = Debug;
		};
		C4F0CE3426EF4EEA00806A9B /* Release */ = {
			isa = XCBuildConfiguration;
			buildSettings = {
				ALWAYS_EMBED_SWIFT_STANDARD_LIBRARIES = YES;
				BUNDLE_LOADER = "$(TEST_HOST)";
				CODE_SIGN_STYLE = Automatic;
				INFOPLIST_FILE = SushiAppTests/Info.plist;
				IPHONEOS_DEPLOYMENT_TARGET = 14.5;
				LD_RUNPATH_SEARCH_PATHS = (
					"$(inherited)",
					"@executable_path/Frameworks",
					"@loader_path/Frameworks",
				);
				PRODUCT_BUNDLE_IDENTIFIER = com.farhad.SushiAppTests;
				PRODUCT_NAME = "$(TARGET_NAME)";
				SWIFT_VERSION = 5.0;
				TARGETED_DEVICE_FAMILY = "1,2";
				TEST_HOST = "$(BUILT_PRODUCTS_DIR)/SushiApp.app/SushiApp";
			};
			name = Release;
		};
		C4F0CE3626EF4EEA00806A9B /* Debug */ = {
			isa = XCBuildConfiguration;
			buildSettings = {
				ALWAYS_EMBED_SWIFT_STANDARD_LIBRARIES = YES;
				CODE_SIGN_STYLE = Automatic;
				INFOPLIST_FILE = SushiAppUITests/Info.plist;
				LD_RUNPATH_SEARCH_PATHS = (
					"$(inherited)",
					"@executable_path/Frameworks",
					"@loader_path/Frameworks",
				);
				PRODUCT_BUNDLE_IDENTIFIER = com.farhad.SushiAppUITests;
				PRODUCT_NAME = "$(TARGET_NAME)";
				SWIFT_VERSION = 5.0;
				TARGETED_DEVICE_FAMILY = "1,2";
				TEST_TARGET_NAME = SushiApp;
			};
			name = Debug;
		};
		C4F0CE3726EF4EEA00806A9B /* Release */ = {
			isa = XCBuildConfiguration;
			buildSettings = {
				ALWAYS_EMBED_SWIFT_STANDARD_LIBRARIES = YES;
				CODE_SIGN_STYLE = Automatic;
				INFOPLIST_FILE = SushiAppUITests/Info.plist;
				LD_RUNPATH_SEARCH_PATHS = (
					"$(inherited)",
					"@executable_path/Frameworks",
					"@loader_path/Frameworks",
				);
				PRODUCT_BUNDLE_IDENTIFIER = com.farhad.SushiAppUITests;
				PRODUCT_NAME = "$(TARGET_NAME)";
				SWIFT_VERSION = 5.0;
				TARGETED_DEVICE_FAMILY = "1,2";
				TEST_TARGET_NAME = SushiApp;
			};
			name = Release;
		};
/* End XCBuildConfiguration section */

/* Begin XCConfigurationList section */
		C4F0CE0026EF4EE900806A9B /* Build configuration list for PBXProject "SushiApp" */ = {
			isa = XCConfigurationList;
			buildConfigurations = (
				C4F0CE2D26EF4EEA00806A9B /* Debug */,
				C4F0CE2E26EF4EEA00806A9B /* Release */,
			);
			defaultConfigurationIsVisible = 0;
			defaultConfigurationName = Release;
		};
		C4F0CE2F26EF4EEA00806A9B /* Build configuration list for PBXNativeTarget "SushiApp" */ = {
			isa = XCConfigurationList;
			buildConfigurations = (
				C4F0CE3026EF4EEA00806A9B /* Debug */,
				C4F0CE3126EF4EEA00806A9B /* Release */,
			);
			defaultConfigurationIsVisible = 0;
			defaultConfigurationName = Release;
		};
		C4F0CE3226EF4EEA00806A9B /* Build configuration list for PBXNativeTarget "SushiAppTests" */ = {
			isa = XCConfigurationList;
			buildConfigurations = (
				C4F0CE3326EF4EEA00806A9B /* Debug */,
				C4F0CE3426EF4EEA00806A9B /* Release */,
			);
			defaultConfigurationIsVisible = 0;
			defaultConfigurationName = Release;
		};
		C4F0CE3526EF4EEA00806A9B /* Build configuration list for PBXNativeTarget "SushiAppUITests" */ = {
			isa = XCConfigurationList;
			buildConfigurations = (
				C4F0CE3626EF4EEA00806A9B /* Debug */,
				C4F0CE3726EF4EEA00806A9B /* Release */,
			);
			defaultConfigurationIsVisible = 0;
			defaultConfigurationName = Release;
		};
/* End XCConfigurationList section */
	};
	rootObject = C4F0CDFD26EF4EE900806A9B /* Project object */;
}
